{
  "name": "qemu-portable-monorepo",
  "version": "0.1.0",
  "lockfileVersion": 3,
  "requires": true,
  "packages": {
    "": {
      "name": "qemu-portable-monorepo",
      "version": "0.1.0",
      "license": "MIT",
      "workspaces": [
        "packages/qemu"
      ],
      "devDependencies": {
        "@types/node": "^22.10.0",
        "typescript": "^5.7.0"
      },
      "engines": {
        "node": ">=20"
      }
    },
    "node_modules/@types/node": {
      "version": "22.20.1",
      "resolved": "https://registry.npmjs.org/@types/node/-/node-22.20.1.tgz",
      "integrity": "sha512-EANqOCF9QFyra+4pfxUcX9STKJpCLjMbObVzljIJomAWSnuSIEAvyzEU53GaajbXJEgdh0iEcPL+DGvpUd4k1Q==",
      "dev": true,
      "license": "MIT",
      "dependencies": {
        "undici-types": "~6.21.0"
      }
    },
    "node_modules/qemu-portable": {
      "resolved": "packages/qemu",
      "link": true
    },
    "node_modules/qemu-portable-darwin-arm64": {
      "version": "0.1.0",
      "resolved": "https://registry.npmjs.org/qemu-portable-darwin-arm64/-/qemu-portable-darwin-arm64-0.1.0.tgz",
      "integrity": "sha512-bEXiL7K/jTIX2wDfChjX8GoTUd2tSpBNta72SGoHGSkkO8M7Q3h7aWa0Owjqea9flGtogWmN/PaIu654RUaO9Q==",
      "cpu": [
        "arm64"
      ],
      "license": "GPL-2.0-only",
      "optional": true,
      "os": [
        "darwin"
      ]
    },
    "node_modules/qemu-portable-darwin-x64": {
      "version": "0.1.0",
      "resolved": "https://registry.npmjs.org/qemu-portable-darwin-x64/-/qemu-portable-darwin-x64-0.1.0.tgz",
      "integrity": "sha512-WGpDakslrJ893/l2/QN3fGgYKdJuMBrMKI2ZT+uCKgO/lAINmh/2pz6jfF/+N8hVS9gk7TcMS67Cie4eLWiJjg==",
      "cpu": [
        "x64"
      ],
      "license": "GPL-2.0-only",
      "optional": true,
      "os": [
        "darwin"
      ]
    },
    "node_modules/qemu-portable-linux-arm64": {
      "version": "0.1.0",
      "resolved": "https://registry.npmjs.org/qemu-portable-linux-arm64/-/qemu-portable-linux-arm64-0.1.0.tgz",
      "integrity": "sha512-s5M5bf/FxrP44tGHSx7fhvrGgmNtaLtidHG/A8qSyo3YhryJ8F6nXDBopMxr0dkSd+GGr7U6KBXclaj7rXqo3w==",
      "cpu": [
        "arm64"
      ],
      "license": "GPL-2.0-only",
      "optional": true,
      "os": [
        "linux"
      ]
    },
    "node_modules/qemu-portable-linux-arm64-musl": {
      "version": "0.1.0",
      "resolved": "https://registry.npmjs.org/qemu-portable-linux-arm64-musl/-/qemu-portable-linux-arm64-musl-0.1.0.tgz",
      "integrity": "sha512-ccTCj/ULSy7wNZ7EhdhZ6tcfDP4JQR/HdcFMQJhAV272rPkQP3uiqOR4CieLWTyDwkHzJn7cpS9w/YSC62CGnQ==",
      "cpu": [
        "arm64"
      ],
      "license": "GPL-2.0-only",
      "optional": true,
      "os": [
        "linux"
      ]
    },
    "node_modules/qemu-portable-linux-x64": {
      "version": "0.1.0",
      "resolved": "https://registry.npmjs.org/qemu-portable-linux-x64/-/qemu-portable-linux-x64-0.1.0.tgz",
      "integrity": "sha512-9qMhNbGFU3BzWksGnFmTWpLINqA491u3/7iNGCY3sSp1DHyatPZcWe0IYScadc7K9HncoLpr9Y04Y8n+KAAVPA==",
      "cpu": [
        "x64"
      ],
      "license": "GPL-2.0-only",
      "optional": true,
      "os": [
        "linux"
      ]
    },
    "node_modules/qemu-portable-linux-x64-musl": {
      "version": "0.1.0",
      "resolved": "https://registry.npmjs.org/qemu-portable-linux-x64-musl/-/qemu-portable-linux-x64-musl-0.1.0.tgz",
      "integrity": "sha512-mjngTXCyk3vgADI1U2Ef7yPwKwUJAXskdXiStNgiA+6GbOXrACjSZAQlLfHX3cijGsMUSxdG/IYiyqLLYQ827g==",
      "cpu": [
        "x64"
      ],
      "license": "GPL-2.0-only",
      "optional": true,
      "os": [
        "linux"
      ]
    },
    "node_modules/qemu-portable-win32-arm64": {
      "version": "0.1.0",
      "resolved": "https://registry.npmjs.org/qemu-portable-win32-arm64/-/qemu-portable-win32-arm64-0.1.0.tgz",
      "integrity": "sha512-BmZ+NnopQZZF+4HyjvFCzEjFa80UnKabcfzK3aDjyy+nr2iNBbQl2G1IN9aH2y4V/L6nLUzxrWMBgMzJX+1A3g==",
      "cpu": [
        "arm64"
      ],
      "license": "GPL-2.0-only",
      "optional": true,
      "os": [
        "win32"
      ]
    },
    "node_modules/qemu-portable-win32-x64": {
      "version": "0.1.0",
      "resolved": "https://registry.npmjs.org/qemu-portable-win32-x64/-/qemu-portable-win32-x64-0.1.0.tgz",
      "integrity": "sha512-/ScZ/csQHdKTJ0Q/bJnepGxfIO6PpwA/GZVtPxlTwmI6DSKoUbOBLdkiXNxu+Eix1J/TLs8NI77BjBDCeHOIVQ==",
      "cpu": [
        "x64"
      ],
      "license": "GPL-2.0-only",
      "optional": true,
      "os": [
        "win32"
      ]
    },
    "node_modules/typescript": {
      "version": "5.9.3",
      "resolved": "https://registry.npmjs.org/typescript/-/typescript-5.9.3.tgz",
      "integrity": "sha512-jl1vZzPDinLr9eUt3J/t7V6FgNEw9QjvBPdysz9KfQDD41fQrC2Y4vKQdiaUpFT4bXlb1RHhLpp8wtm6M5TgSw==",
      "dev": true,
      "license": "Apache-2.0",
      "bin": {
        "tsc": "bin/tsc",
        "tsserver": "bin/tsserver"
      },
      "engines": {
        "node": ">=14.17"
      }
    },
    "node_modules/undici-types": {
      "version": "6.21.0",
      "resolved": "https://registry.npmjs.org/undici-types/-/undici-types-6.21.0.tgz",
      "integrity": "sha512-iwDZqg0QAGrg9Rav5H4n0M64c3mkR59cJ6wQp+7C4nI0gsmExaedaYLNO44eT4AtBBwjbTiGPMlt2Md0T9H9JQ==",
      "dev": true,
      "license": "MIT"
    },
    "packages/qemu": {
      "name": "qemu-portable",
      "version": "0.1.0",
      "license": "MIT",
      "bin": {
        "qemu-portable": "dist/cli.js"
      },
      "engines": {
        "node": ">=20"
      },
      "optionalDependencies": {
        "qemu-portable-darwin-arm64": "0.1.0",
        "qemu-portable-darwin-x64": "0.1.0",
        "qemu-portable-linux-arm64": "0.1.0",
        "qemu-portable-linux-arm64-musl": "0.1.0",
        "qemu-portable-linux-x64": "0.1.0",
        "qemu-portable-linux-x64-musl": "0.1.0",
        "qemu-portable-win32-arm64": "0.1.0",
        "qemu-portable-win32-x64": "0.1.0"
      }
    }
  }
}
