{
  "name": "qemu-portable-monorepo",
  "version": "0.2.0",
  "lockfileVersion": 3,
  "requires": true,
  "packages": {
    "": {
      "name": "qemu-portable-monorepo",
      "version": "0.2.0",
      "license": "MIT",
      "workspaces": [
        "packages/qemu"
      ],
      "devDependencies": {
        "@types/node": "^22.10.0",
        "typescript": "^5.7.0"
      },
      "engines": {
        "node": ">=20"
      }
    },
    "node_modules/@types/node": {
      "version": "22.20.1",
      "dev": true,
      "license": "MIT",
      "dependencies": {
        "undici-types": "~6.21.0"
      }
    },
    "node_modules/qemu-portable": {
      "resolved": "packages/qemu",
      "link": true
    },
    "node_modules/qemu-portable-darwin-arm64": {
      "version": "0.2.0",
      "resolved": "https://registry.npmjs.org/qemu-portable-darwin-arm64/-/qemu-portable-darwin-arm64-0.2.0.tgz",
      "integrity": "sha512-RaaT8SLj7L7zOMddSs1yt7ROucdnNk/hS2TX7htOE38Mq3yipSB5xVN0Ti6bddcHRDKwfTkUGHr7ro9z9Nf4UA==",
      "cpu": [
        "arm64"
      ],
      "license": "GPL-2.0-only",
      "optional": true,
      "os": [
        "darwin"
      ]
    },
    "node_modules/qemu-portable-darwin-x64": {
      "version": "0.2.0",
      "resolved": "https://registry.npmjs.org/qemu-portable-darwin-x64/-/qemu-portable-darwin-x64-0.2.0.tgz",
      "integrity": "sha512-hoTCu6j86/efheEOQxYB8ev3Wa3vDU9reFaTKArLqKf4tJBBzJzkqbHdpYw1bjx5k2o6ShlfpJYtzfHGtWX5+g==",
      "cpu": [
        "x64"
      ],
      "license": "GPL-2.0-only",
      "optional": true,
      "os": [
        "darwin"
      ]
    },
    "node_modules/qemu-portable-linux-arm64": {
      "version": "0.2.0",
      "resolved": "https://registry.npmjs.org/qemu-portable-linux-arm64/-/qemu-portable-linux-arm64-0.2.0.tgz",
      "integrity": "sha512-08UIpBxyZCRUclu+9CCr3fjtnAkxx6uwTHnKqKGjQTMIBfEsibD1uicC3ipuDPFfHuEfJh+FP2ncg968q3RhHw==",
      "cpu": [
        "arm64"
      ],
      "license": "GPL-2.0-only",
      "optional": true,
      "os": [
        "linux"
      ]
    },
    "node_modules/qemu-portable-linux-arm64-musl": {
      "version": "0.2.0",
      "resolved": "https://registry.npmjs.org/qemu-portable-linux-arm64-musl/-/qemu-portable-linux-arm64-musl-0.2.0.tgz",
      "integrity": "sha512-WT4XJ4/Zjx52SYrgcrqrDxIikNe7c/lWES8JRgQ1cAlLS/wOcRc7OGdLA3FkNtnfCBLtE0MxOXNI4J3+qpPOMg==",
      "cpu": [
        "arm64"
      ],
      "license": "GPL-2.0-only",
      "optional": true,
      "os": [
        "linux"
      ]
    },
    "node_modules/qemu-portable-linux-x64": {
      "version": "0.2.0",
      "resolved": "https://registry.npmjs.org/qemu-portable-linux-x64/-/qemu-portable-linux-x64-0.2.0.tgz",
      "integrity": "sha512-s/kVFlckYHDv0qldlUFIxgaatQv5Zze6yA6P3abMdIUIEttuMMS6pWXuaTXM0v5eHBuhhwFeiNdOag2A/0/Oig==",
      "cpu": [
        "x64"
      ],
      "license": "GPL-2.0-only",
      "optional": true,
      "os": [
        "linux"
      ]
    },
    "node_modules/qemu-portable-linux-x64-musl": {
      "version": "0.2.0",
      "resolved": "https://registry.npmjs.org/qemu-portable-linux-x64-musl/-/qemu-portable-linux-x64-musl-0.2.0.tgz",
      "integrity": "sha512-USuNt3Tezq/M5SAAXSOSosmnh7fQyV+n/HKnqi/Uq4biuX32sPpGuGb5QX7rAZdadBzfF8P1QcrzzvvxVYEsyA==",
      "cpu": [
        "x64"
      ],
      "license": "GPL-2.0-only",
      "optional": true,
      "os": [
        "linux"
      ]
    },
    "node_modules/qemu-portable-win32-arm64": {
      "version": "0.2.0",
      "resolved": "https://registry.npmjs.org/qemu-portable-win32-arm64/-/qemu-portable-win32-arm64-0.2.0.tgz",
      "integrity": "sha512-nTJqnOSkuKqSpbk/zw39g0qKKsGDui+WWTclCdq7SbuRjN8JrWt8/AGMLeRZJ6C0shsZes9v5Zdr9WRYswzMhw==",
      "cpu": [
        "arm64"
      ],
      "license": "GPL-2.0-only",
      "optional": true,
      "os": [
        "win32"
      ]
    },
    "node_modules/qemu-portable-win32-x64": {
      "version": "0.2.0",
      "resolved": "https://registry.npmjs.org/qemu-portable-win32-x64/-/qemu-portable-win32-x64-0.2.0.tgz",
      "integrity": "sha512-nelwAAT9Tb/RJ9lnCdOWMVwr08zgHfCh4ckonPUq+E4g5iqMcKuyCO4di04p+6Ob7q0vjctFg7ZEVdurnWyPpw==",
      "cpu": [
        "x64"
      ],
      "license": "GPL-2.0-only",
      "optional": true,
      "os": [
        "win32"
      ]
    },
    "node_modules/typescript": {
      "version": "5.9.3",
      "dev": true,
      "license": "Apache-2.0",
      "bin": {
        "tsc": "bin/tsc",
        "tsserver": "bin/tsserver"
      },
      "engines": {
        "node": ">=14.17"
      }
    },
    "node_modules/undici-types": {
      "version": "6.21.0",
      "dev": true,
      "license": "MIT"
    },
    "packages/qemu": {
      "name": "qemu-portable",
      "version": "0.2.0",
      "license": "MIT",
      "bin": {
        "qemu-portable": "dist/cli.js"
      },
      "engines": {
        "node": ">=20"
      },
      "optionalDependencies": {
        "qemu-portable-darwin-arm64": "0.2.0",
        "qemu-portable-darwin-x64": "0.2.0",
        "qemu-portable-linux-arm64": "0.2.0",
        "qemu-portable-linux-arm64-musl": "0.2.0",
        "qemu-portable-linux-x64": "0.2.0",
        "qemu-portable-linux-x64-musl": "0.2.0",
        "qemu-portable-win32-arm64": "0.2.0",
        "qemu-portable-win32-x64": "0.2.0"
      }
    }
  }
}
