{
  "name": "qemu-portable-monorepo",
  "version": "0.2.0",
  "lockfileVersion": 3,
  "requires": true,
  "packages": {
    "": {
      "name": "qemu-portable-monorepo",
      "version": "0.2.0",
      "license": "MIT",
      "workspaces": [
        "packages/qemu"
      ],
      "devDependencies": {
        "@types/node": "^22.10.0",
        "typescript": "^5.7.0"
      },
      "engines": {
        "node": ">=20"
      }
    },
    "node_modules/@types/node": {
      "version": "22.20.1",
      "dev": true,
      "license": "MIT",
      "dependencies": {
        "undici-types": "~6.21.0"
      }
    },
    "node_modules/qemu-portable": {
      "resolved": "packages/qemu",
      "link": true
    },
    "node_modules/qemu-portable-darwin-arm64": {
      "version": "0.2.1",
      "resolved": "https://registry.npmjs.org/qemu-portable-darwin-arm64/-/qemu-portable-darwin-arm64-0.2.1.tgz",
      "integrity": "sha512-e0ZfgaL9NzYBmVV8TNFH1ZJqUFfyO4vvpbWAO7AizN6m3nwlM3a6/uiQYisVBUa/LSJK8+JzbJjw3QsnQu+0MQ==",
      "cpu": [
        "arm64"
      ],
      "license": "GPL-2.0-only",
      "optional": true,
      "os": [
        "darwin"
      ]
    },
    "node_modules/qemu-portable-darwin-x64": {
      "version": "0.2.1",
      "resolved": "https://registry.npmjs.org/qemu-portable-darwin-x64/-/qemu-portable-darwin-x64-0.2.1.tgz",
      "integrity": "sha512-RbtzO/PAdMXp0wsNjXV0wXF6Ped7m2MRNFxuy4GVoW1SkjLEE392mJl9+Nru5gihjx6laDbhA14c/D5KboLMWw==",
      "cpu": [
        "x64"
      ],
      "license": "GPL-2.0-only",
      "optional": true,
      "os": [
        "darwin"
      ]
    },
    "node_modules/qemu-portable-linux-arm64": {
      "version": "0.2.1",
      "resolved": "https://registry.npmjs.org/qemu-portable-linux-arm64/-/qemu-portable-linux-arm64-0.2.1.tgz",
      "integrity": "sha512-l21oA0KjqBWmpwQTPcmtO4a8zx9ysRmhyC+ckJe88Re28tIENt/9CA/Q3RPMjkljgzOtrldZMqgpIAOKEjCn7g==",
      "cpu": [
        "arm64"
      ],
      "license": "GPL-2.0-only",
      "optional": true,
      "os": [
        "linux"
      ]
    },
    "node_modules/qemu-portable-linux-arm64-musl": {
      "version": "0.2.1",
      "resolved": "https://registry.npmjs.org/qemu-portable-linux-arm64-musl/-/qemu-portable-linux-arm64-musl-0.2.1.tgz",
      "integrity": "sha512-h/IFKZKvPxHOkWD1BL9CLxJK3ne++G+LtVDC73MRFQS2U5fw47dySnJZT1jxWaoFOtJM3UdEcpskH46j8v8Ibg==",
      "cpu": [
        "arm64"
      ],
      "license": "GPL-2.0-only",
      "optional": true,
      "os": [
        "linux"
      ]
    },
    "node_modules/qemu-portable-linux-x64": {
      "version": "0.2.1",
      "resolved": "https://registry.npmjs.org/qemu-portable-linux-x64/-/qemu-portable-linux-x64-0.2.1.tgz",
      "integrity": "sha512-2rNKOaRXS1hBs1ng8+U/Q9/y7Qy87BUMjKF0g/eRarWzmI6TIKGkTscVEfAkOsKEnsMM40+AvwhWeCXGe0rFwA==",
      "cpu": [
        "x64"
      ],
      "license": "GPL-2.0-only",
      "optional": true,
      "os": [
        "linux"
      ]
    },
    "node_modules/qemu-portable-linux-x64-musl": {
      "version": "0.2.1",
      "resolved": "https://registry.npmjs.org/qemu-portable-linux-x64-musl/-/qemu-portable-linux-x64-musl-0.2.1.tgz",
      "integrity": "sha512-TVIqaJZ4z49ULdUkKE+jVLWgsRLJdjzpiDnTV5dF3Y964HbDSLhtlgcv+HU3qc6S1zhkYguGFc0oqgu4YfJRWw==",
      "cpu": [
        "x64"
      ],
      "license": "GPL-2.0-only",
      "optional": true,
      "os": [
        "linux"
      ]
    },
    "node_modules/qemu-portable-win32-arm64": {
      "version": "0.2.1",
      "resolved": "https://registry.npmjs.org/qemu-portable-win32-arm64/-/qemu-portable-win32-arm64-0.2.1.tgz",
      "integrity": "sha512-SroOSevisPANvqzxr9/cEgJhUDeQxZPvGNx09Cf/6xmtx2ogIchsdOYfE482dhHJaJe2JBgV6d9t66zv3LUDsA==",
      "cpu": [
        "arm64"
      ],
      "license": "GPL-2.0-only",
      "optional": true,
      "os": [
        "win32"
      ]
    },
    "node_modules/qemu-portable-win32-x64": {
      "version": "0.2.1",
      "resolved": "https://registry.npmjs.org/qemu-portable-win32-x64/-/qemu-portable-win32-x64-0.2.1.tgz",
      "integrity": "sha512-d/jNLNfjuD8VMq+oLk0Ad+5WFYyT9PJx/mBd5bxm+yCCNZ+NJfyF8c8DcGNrjY3QcFzlYQ7uEiOGqKQ3aniqkg==",
      "cpu": [
        "x64"
      ],
      "license": "GPL-2.0-only",
      "optional": true,
      "os": [
        "win32"
      ]
    },
    "node_modules/typescript": {
      "version": "5.9.3",
      "dev": true,
      "license": "Apache-2.0",
      "bin": {
        "tsc": "bin/tsc",
        "tsserver": "bin/tsserver"
      },
      "engines": {
        "node": ">=14.17"
      }
    },
    "node_modules/undici-types": {
      "version": "6.21.0",
      "dev": true,
      "license": "MIT"
    },
    "packages/qemu": {
      "name": "qemu-portable",
      "version": "0.2.0",
      "license": "MIT",
      "bin": {
        "qemu-portable": "dist/cli.js"
      },
      "engines": {
        "node": ">=20"
      },
      "optionalDependencies": {
        "qemu-portable-darwin-arm64": "0.2.1",
        "qemu-portable-darwin-x64": "0.2.1",
        "qemu-portable-linux-arm64": "0.2.1",
        "qemu-portable-linux-arm64-musl": "0.2.1",
        "qemu-portable-linux-x64": "0.2.1",
        "qemu-portable-linux-x64-musl": "0.2.1",
        "qemu-portable-win32-arm64": "0.2.1",
        "qemu-portable-win32-x64": "0.2.1"
      }
    }
  }
}
